
Microsoft Visual Studio Solution File, Format Version 12.00
# Visual Studio 15
VisualStudioVersion = 15.0.28010.2046
MinimumVisualStudioVersion = 10.0.40219.1
Project("{9A19103F-16F7-4668-BE54-9A1E7A4F7556}") = "F12018UdpTelemetry", "UdpTelemetry\F12018UdpTelemetry.csproj", "{685EB96E-6CDF-4D7E-9A65-DFCC45FD1D1C}"
EndProject
Project("{FAE04EC0-301F-11D3-BF4B-00C04F79EFBC}") = "F12018UdpTelemetry.test", "PRRT.test\F12018UdpTelemetry.test.csproj", "{AE3AFE04-F597-4734-9800-AAFFC2EB03FF}"
EndProject
Project("{FAE04EC0-301F-11D3-BF4B-00C04F79EFBC}") = "BeeSchema", "BeeSchema-master\BeeSchema-master\BeeSchema\BeeSchema.csproj", "{B4DE0806-85D2-4772-A560-551DDD7381A7}"
EndProject
Project("{FAE04EC0-301F-11D3-BF4B-00C04F79EFBC}") = "MiniBinaryParser", "MiniBinaryParser-master\MiniBinaryParser-master\src\MiniBinaryParser\MiniBinaryParser.csproj", "{B7AAD2C4-E11D-4AF9-8CA9-12CE9487EAC3}"
EndProject
Global
	GlobalSection(SolutionConfigurationPlatforms) = preSolution
		Debug|Any CPU = Debug|Any CPU
		Release|Any CPU = Release|Any CPU
	EndGlobalSection
	GlobalSection(ProjectConfigurationPlatforms) = postSolution
		{685EB96E-6CDF-4D7E-9A65-DFCC45FD1D1C}.Debug|Any CPU.ActiveCfg = Debug|Any CPU
		{685EB96E-6CDF-4D7E-9A65-DFCC45FD1D1C}.Debug|Any CPU.Build.0 = Debug|Any CPU
		{685EB96E-6CDF-4D7E-9A65-DFCC45FD1D1C}.Release|Any CPU.ActiveCfg = Release|Any CPU
		{685EB96E-6CDF-4D7E-9A65-DFCC45FD1D1C}.Release|Any CPU.Build.0 = Release|Any CPU
		{AE3AFE04-F597-4734-9800-AAFFC2EB03FF}.Debug|Any CPU.ActiveCfg = Debug|Any CPU
		{AE3AFE04-F597-4734-9800-AAFFC2EB03FF}.Debug|Any CPU.Build.0 = Debug|Any CPU
		{AE3AFE04-F597-4734-9800-AAFFC2EB03FF}.Release|Any CPU.ActiveCfg = Release|Any CPU
		{AE3AFE04-F597-4734-9800-AAFFC2EB03FF}.Release|Any CPU.Build.0 = Release|Any CPU
		{B4DE0806-85D2-4772-A560-551DDD7381A7}.Debug|Any CPU.ActiveCfg = Debug|Any CPU
		{B4DE0806-85D2-4772-A560-551DDD7381A7}.Debug|Any CPU.Build.0 = Debug|Any CPU
		{B4DE0806-85D2-4772-A560-551DDD7381A7}.Release|Any CPU.ActiveCfg = Release|Any CPU
		{B4DE0806-85D2-4772-A560-551DDD7381A7}.Release|Any CPU.Build.0 = Release|Any CPU
		{B7AAD2C4-E11D-4AF9-8CA9-12CE9487EAC3}.Debug|Any CPU.ActiveCfg = Debug|Any CPU
		{B7AAD2C4-E11D-4AF9-8CA9-12CE9487EAC3}.Debug|Any CPU.Build.0 = Debug|Any CPU
		{B7AAD2C4-E11D-4AF9-8CA9-12CE9487EAC3}.Release|Any CPU.ActiveCfg = Release|Any CPU
		{B7AAD2C4-E11D-4AF9-8CA9-12CE9487EAC3}.Release|Any CPU.Build.0 = Release|Any CPU
	EndGlobalSection
	GlobalSection(SolutionProperties) = preSolution
		HideSolutionNode = FALSE
	EndGlobalSection
	GlobalSection(ExtensibilityGlobals) = postSolution
		SolutionGuid = {EB0D449E-AB77-438F-86D5-7D87C52312C6}
	EndGlobalSection
EndGlobal
